// !$*UTF8*$!
{
	archiveVersion = 1;
	classes = {
	};
	objectVersion = 55;
	objects = {

/* Begin PBXBuildFile section */
		26C655F3296FF3B6005C4581 /* AppDelegate.m in Sources */ = {isa = PBXBuildFile; fileRef = 26C655F2296FF3B6005C4581 /* AppDelegate.m */; };
		26C655F6296FF3B6005C4581 /* SceneDelegate.m in Sources */ = {isa = PBXBuildFile; fileRef = 26C655F5296FF3B6005C4581 /* SceneDelegate.m */; };
		26C655F9296FF3B6005C4581 /* ViewController.m in Sources */ = {isa = PBXBuildFile; fileRef = 26C655F8296FF3B6005C4581 /* ViewController.m */; };
		26C655FC296FF3B6005C4581 /* Main.storyboard in Resources */ = {isa = PBXBuildFile; fileRef = 26C655FA296FF3B6005C4581 /* Main.storyboard */; };
		26C655FE296FF3B6005C4581 /* Assets.xcassets in Resources */ = {isa = PBXBuildFile; fileRef = 26C655FD296FF3B6005C4581 /* Assets.xcassets */; };
		26C65601296FF3B6005C4581 /* LaunchScreen.storyboard in Resources */ = {isa = PBXBuildFile; fileRef = 26C655FF296FF3B6005C4581 /* LaunchScreen.storyboard */; };
		26C65604296FF3B6005C4581 /* main.m in Sources */ = {isa = PBXBuildFile; fileRef = 26C65603296FF3B6005C4581 /* main.m */; };
		26C6560E296FF3B6005C4581 /* PPDemoTests.m in Sources */ = {isa = PBXBuildFile; fileRef = 26C6560D296FF3B6005C4581 /* PPDemoTests.m */; };
		26C65618296FF3B6005C4581 /* PPDemoUITests.m in Sources */ = {isa = PBXBuildFile; fileRef = 26C65617296FF3B6005C4581 /* PPDemoUITests.m */; };
		26C6561A296FF3B6005C4581 /* PPDemoUITestsLaunchTests.m in Sources */ = {isa = PBXBuildFile; fileRef = 26C65619296FF3B6005C4581 /* PPDemoUITestsLaunchTests.m */; };
/* End PBXBuildFile section */

/* Begin PBXContainerItemProxy section */
		26C6560A296FF3B6005C4581 /* PBXContainerItemProxy */ = {
			isa = PBXContainerItemProxy;
			containerPortal = 26C655E6296FF3B5005C4581 /* Project object */;
			proxyType = 1;
			remoteGlobalIDString = 26C655ED296FF3B5005C4581;
			remoteInfo = PPDemo;
		};
		26C65614296FF3B6005C4581 /* PBXContainerItemProxy */ = {
			isa = PBXContainerItemProxy;
			containerPortal = 26C655E6296FF3B5005C4581 /* Project object */;
			proxyType = 1;
			remoteGlobalIDString = 26C655ED296FF3B5005C4581;
			remoteInfo = PPDemo;
		};
/* End PBXContainerItemProxy section */

/* Begin PBXFileReference section */
		26C655EE296FF3B5005C4581 /* PPDemo.app */ = {isa = PBXFileReference; explicitFileType = wrapper.application; includeInIndex = 0; path = PPDemo.app; sourceTree = BUILT_PRODUCTS_DIR; };
		26C655F1296FF3B5005C4581 /* AppDelegate.h */ = {isa = PBXFileReference; lastKnownFileType = sourcecode.c.h; path = AppDelegate.h; sourceTree = "<group>"; };
		26C655F2296FF3B6005C4581 /* AppDelegate.m */ = {isa = PBXFileReference; lastKnownFileType = sourcecode.c.objc; path = AppDelegate.m; sourceTree = "<group>"; };
		26C655F4296FF3B6005C4581 /* SceneDelegate.h */ = {isa = PBXFileReference; lastKnownFileType = sourcecode.c.h; path = SceneDelegate.h; sourceTree = "<group>"; };
		26C655F5296FF3B6005C4581 /* SceneDelegate.m */ = {isa = PBXFileReference; lastKnownFileType = sourcecode.c.objc; path = SceneDelegate.m; sourceTree = "<group>"; };
		26C655F7296FF3B6005C4581 /* ViewController.h */ = {isa = PBXFileReference; lastKnownFileType = sourcecode.c.h; path = ViewController.h; sourceTree = "<group>"; };
		26C655F8296FF3B6005C4581 /* ViewController.m */ = {isa = PBXFileReference; lastKnownFileType = sourcecode.c.objc; path = ViewController.m; sourceTree = "<group>"; };
		26C655FB296FF3B6005C4581 /* Base */ = {isa = PBXFileReference; lastKnownFileType = file.storyboard; name = Base; path = Base.lproj/Main.storyboard; sourceTree = "<group>"; };
		26C655FD296FF3B6005C4581 /* Assets.xcassets */ = {isa = PBXFileReference; lastKnownFileType = folder.assetcatalog; path = Assets.xcassets; sourceTree = "<group>"; };
		26C65600296FF3B6005C4581 /* Base */ = {isa = PBXFileReference; lastKnownFileType = file.storyboard; name = Base; path = Base.lproj/LaunchScreen.storyboard; sourceTree = "<group>"; };
		26C65602296FF3B6005C4581 /* Info.plist */ = {isa = PBXFileReference; lastKnownFileType = text.plist.xml; path = Info.plist; sourceTree = "<group>"; };
		26C65603296FF3B6005C4581 /* main.m */ = {isa = PBXFileReference; lastKnownFileType = sourcecode.c.objc; path = main.m; sourceTree = "<group>"; };
		26C65609296FF3B6005C4581 /* PPDemoTests.xctest */ = {isa = PBXFileReference; explicitFileType = wrapper.cfbundle; includeInIndex = 0; path = PPDemoTests.xctest; sourceTree = BUILT_PRODUCTS_DIR; };
		26C6560D296FF3B6005C4581 /* PPDemoTests.m */ = {isa = PBXFileReference; lastKnownFileType = sourcecode.c.objc; path = PPDemoTests.m; sourceTree = "<group>"; };
		26C65613296FF3B6005C4581 /* PPDemoUITests.xctest */ = {isa = PBXFileReference; explicitFileType = wrapper.cfbundle; includeInIndex = 0; path = PPDemoUITests.xctest; sourceTree = BUILT_PRODUCTS_DIR; };
		26C65617296FF3B6005C4581 /* PPDemoUITests.m */ = {isa = PBXFileReference; lastKnownFileType = sourcecode.c.objc; path = PPDemoUITests.m; sourceTree = "<group>"; };
		26C65619296FF3B6005C4581 /* PPDemoUITestsLaunchTests.m */ = {isa = PBXFileReference; lastKnownFileType = sourcecode.c.objc; path = PPDemoUITestsLaunchTests.m; sourceTree = "<group>"; };
/* End PBXFileReference section */

/* Begin PBXFrameworksBuildPhase section */
		26C655EB296FF3B5005C4581 /* Frameworks */ = {
			isa = PBXFrameworksBuildPhase;
			buildActionMask = 2147483647;
			files = (
			);
			runOnlyForDeploymentPostprocessing = 0;
		};
		26C65606296FF3B6005C4581 /* Frameworks */ = {
			isa = PBXFrameworksBuildPhase;
			buildActionMask = 2147483647;
			files = (
			);
			runOnlyForDeploymentPostprocessing = 0;
		};
		26C65610296FF3B6005C4581 /* Frameworks */ = {
			isa = PBXFrameworksBuildPhase;
			buildActionMask = 2147483647;
			files = (
			);
			runOnlyForDeploymentPostprocessing = 0;
		};
/* End PBXFrameworksBuildPhase section */

/* Begin PBXGroup section */
		26C655E5296FF3B5005C4581 = {
			isa = PBXGroup;
			children = (
				26C655F0296FF3B5005C4581 /* PPDemo */,
				26C6560C296FF3B6005C4581 /* PPDemoTests */,
				26C65616296FF3B6005C4581 /* PPDemoUITests */,
				26C655EF296FF3B5005C4581 /* Products */,
			);
			sourceTree = "<group>";
		};
		26C655EF296FF3B5005C4581 /* Products */ = {
			isa = PBXGroup;
			children = (
				26C655EE296FF3B5005C4581 /* PPDemo.app */,
				26C65609296FF3B6005C4581 /* PPDemoTests.xctest */,
				26C65613296FF3B6005C4581 /* PPDemoUITests.xctest */,
			);
			name = Products;
			sourceTree = "<group>";
		};
		26C655F0296FF3B5005C4581 /* PPDemo */ = {
			isa = PBXGroup;
			children = (
				26C655F1296FF3B5005C4581 /* AppDelegate.h */,
				26C655F2296FF3B6005C4581 /* AppDelegate.m */,
				26C655F4296FF3B6005C4581 /* SceneDelegate.h */,
				26C655F5296FF3B6005C4581 /* SceneDelegate.m */,
				26C655F7296FF3B6005C4581 /* ViewController.h */,
				26C655F8296FF3B6005C4581 /* ViewController.m */,
				26C655FA296FF3B6005C4581 /* Main.storyboard */,
				26C655FD296FF3B6005C4581 /* Assets.xcassets */,
				26C655FF296FF3B6005C4581 /* LaunchScreen.storyboard */,
				26C65602296FF3B6005C4581 /* Info.plist */,
				26C65603296FF3B6005C4581 /* main.m */,
			);
			path = PPDemo;
			sourceTree = "<group>";
		};
		26C6560C296FF3B6005C4581 /* PPDemoTests */ = {
			isa = PBXGroup;
			children = (
				26C6560D296FF3B6005C4581 /* PPDemoTests.m */,
			);
			path = PPDemoTests;
			sourceTree = "<group>";
		};
		26C65616296FF3B6005C4581 /* PPDemoUITests */ = {
			isa = PBXGroup;
			children = (
				26C65617296FF3B6005C4581 /* PPDemoUITests.m */,
				26C65619296FF3B6005C4581 /* PPDemoUITestsLaunchTests.m */,
			);
			path = PPDemoUITests;
			sourceTree = "<group>";
		};
/* End PBXGroup section */

/* Begin PBXNativeTarget section */
		26C655ED296FF3B5005C4581 /* PPDemo */ = {
			isa = PBXNativeTarget;
			buildConfigurationList = 26C6561D296FF3B6005C4581 /* Build configuration list for PBXNativeTarget "PPDemo" */;
			buildPhases = (
				26C655EA296FF3B5005C4581 /* Sources */,
				26C655EB296FF3B5005C4581 /* Frameworks */,
				26C655EC296FF3B5005C4581 /* Resources */,
			);
			buildRules = (
			);
			dependencies = (
			);
			name = PPDemo;
			productName = PPDemo;
			productReference = 26C655EE296FF3B5005C4581 /* PPDemo.app */;
			productType = "com.apple.product-type.application";
		};
		26C65608296FF3B6005C4581 /* PPDemoTests */ = {
			isa = PBXNativeTarget;
			buildConfigurationList = 26C65620296FF3B6005C4581 /* Build configuration list for PBXNativeTarget "PPDemoTests" */;
			buildPhases = (
				26C65605296FF3B6005C4581 /* Sources */,
				26C65606296FF3B6005C4581 /* Frameworks */,
				26C65607296FF3B6005C4581 /* Resources */,
			);
			buildRules = (
			);
			dependencies = (
				26C6560B296FF3B6005C4581 /* PBXTargetDependency */,
			);
			name = PPDemoTests;
			productName = PPDemoTests;
			productReference = 26C65609296FF3B6005C4581 /* PPDemoTests.xctest */;
			productType = "com.apple.product-type.bundle.unit-test";
		};
		26C65612296FF3B6005C4581 /* PPDemoUITests */ = {
			isa = PBXNativeTarget;
			buildConfigurationList = 26C65623296FF3B6005C4581 /* Build configuration list for PBXNativeTarget "PPDemoUITests" */;
			buildPhases = (
				26C6560F296FF3B6005C4581 /* Sources */,
				26C65610296FF3B6005C4581 /* Frameworks */,
				26C65611296FF3B6005C4581 /* Resources */,
			);
			buildRules = (
			);
			dependencies = (
				26C65615296FF3B6005C4581 /* PBXTargetDependency */,
			);
			name = PPDemoUITests;
			productName = PPDemoUITests;
			productReference = 26C65613296FF3B6005C4581 /* PPDemoUITests.xctest */;
			productType = "com.apple.product-type.bundle.ui-testing";
		};
/* End PBXNativeTarget section */

/* Begin PBXProject section */
		26C655E6296FF3B5005C4581 /* Project object */ = {
			isa = PBXProject;
			attributes = {
				BuildIndependentTargetsInParallel = 1;
				LastUpgradeCheck = 1340;
				TargetAttributes = {
					26C655ED296FF3B5005C4581 = {
						CreatedOnToolsVersion = 13.4.1;
					};
					26C65608296FF3B6005C4581 = {
						CreatedOnToolsVersion = 13.4.1;
						TestTargetID = 26C655ED296FF3B5005C4581;
					};
					26C65612296FF3B6005C4581 = {
						CreatedOnToolsVersion = 13.4.1;
						TestTargetID = 26C655ED296FF3B5005C4581;
					};
				};
			};
			buildConfigurationList = 26C655E9296FF3B5005C4581 /* Build configuration list for PBXProject "PPDemo" */;
			compatibilityVersion = "Xcode 13.0";
			developmentRegion = en;
			hasScannedForEncodings = 0;
			knownRegions = (
				en,
				Base,
			);
			mainGroup = 26C655E5296FF3B5005C4581;
			productRefGroup = 26C655EF296FF3B5005C4581 /* Products */;
			projectDirPath = "";
			projectRoot = "";
			targets = (
				26C655ED296FF3B5005C4581 /* PPDemo */,
				26C65608296FF3B6005C4581 /* PPDemoTests */,
				26C65612296FF3B6005C4581 /* PPDemoUITests */,
			);
		};
/* End PBXProject section */

/* Begin PBXResourcesBuildPhase section */
		26C655EC296FF3B5005C4581 /* Resources */ = {
			isa = PBXResourcesBuildPhase;
			buildActionMask = 2147483647;
			files = (
				26C65601296FF3B6005C4581 /* LaunchScreen.storyboard in Resources */,
				26C655FE296FF3B6005C4581 /* Assets.xcassets in Resources */,
				26C655FC296FF3B6005C4581 /* Main.storyboard in Resources */,
			);
			runOnlyForDeploymentPostprocessing = 0;
		};
		26C65607296FF3B6005C4581 /* Resources */ = {
			isa = PBXResourcesBuildPhase;
			buildActionMask = 2147483647;
			files = (
			);
			runOnlyForDeploymentPostprocessing = 0;
		};
		26C65611296FF3B6005C4581 /* Resources */ = {
			isa = PBXResourcesBuildPhase;
			buildActionMask = 2147483647;
			files = (
			);
			runOnlyForDeploymentPostprocessing = 0;
		};
/* End PBXResourcesBuildPhase section */

/* Begin PBXSourcesBuildPhase section */
		26C655EA296FF3B5005C4581 /* Sources */ = {
			isa = PBXSourcesBuildPhase;
			buildActionMask = 2147483647;
			files = (
				26C655F9296FF3B6005C4581 /* ViewController.m in Sources */,
				26C655F3296FF3B6005C4581 /* AppDelegate.m in Sources */,
				26C65604296FF3B6005C4581 /* main.m in Sources */,
				26C655F6296FF3B6005C4581 /* SceneDelegate.m in Sources */,
			);
			runOnlyForDeploymentPostprocessing = 0;
		};
		26C65605296FF3B6005C4581 /* Sources */ = {
			isa = PBXSourcesBuildPhase;
			buildActionMask = 2147483647;
			files = (
				26C6560E296FF3B6005C4581 /* PPDemoTests.m in Sources */,
			);
			runOnlyForDeploymentPostprocessing = 0;
		};
		26C6560F296FF3B6005C4581 /* Sources */ = {
			isa = PBXSourcesBuildPhase;
			buildActionMask = 2147483647;
			files = (
				26C65618296FF3B6005C4581 /* PPDemoUITests.m in Sources */,
				26C6561A296FF3B6005C4581 /* PPDemoUITestsLaunchTests.m in Sources */,
			);
			runOnlyForDeploymentPostprocessing = 0;
		};
/* End PBXSourcesBuildPhase section */

/* Begin PBXTargetDependency section */
		26C6560B296FF3B6005C4581 /* PBXTargetDependency */ = {
			isa = PBXTargetDependency;
			target = 26C655ED296FF3B5005C4581 /* PPDemo */;
			targetProxy = 26C6560A296FF3B6005C4581 /* PBXContainerItemProxy */;
		};
		26C65615296FF3B6005C4581 /* PBXTargetDependency */ = {
			isa = PBXTargetDependency;
			target = 26C655ED296FF3B5005C4581 /* PPDemo */;
			targetProxy = 26C65614296FF3B6005C4581 /* PBXContainerItemProxy */;
		};
/* End PBXTargetDependency section */

/* Begin PBXVariantGroup section */
		26C655FA296FF3B6005C4581 /* Main.storyboard */ = {
			isa = PBXVariantGroup;
			children = (
				26C655FB296FF3B6005C4581 /* Base */,
			);
			name = Main.storyboard;
			sourceTree = "<group>";
		};
		26C655FF296FF3B6005C4581 /* LaunchScreen.storyboard */ = {
			isa = PBXVariantGroup;
			children = (
				26C65600296FF3B6005C4581 /* Base */,
			);
			name = LaunchScreen.storyboard;
			sourceTree = "<group>";
		};
/* End PBXVariantGroup section */

/* Begin XCBuildConfiguration section */
		26C6561B296FF3B6005C4581 /* Debug */ = {
			isa = XCBuildConfiguration;
			buildSettings = {
				ALWAYS_SEARCH_USER_PATHS = NO;
				CLANG_ANALYZER_NONNULL = YES;
				CLANG_ANALYZER_NUMBER_OBJECT_CONVERSION = YES_AGGRESSIVE;
				CLANG_CXX_LANGUAGE_STANDARD = "gnu++17";
				CLANG_ENABLE_MODULES = YES;
				CLANG_ENABLE_OBJC_ARC = YES;
				CLANG_ENABLE_OBJC_WEAK = YES;
				CLANG_WARN_BLOCK_CAPTURE_AUTORELEASING = YES;
				CLANG_WARN_BOOL_CONVERSION = YES;
				CLANG_WARN_COMMA = YES;
				CLANG_WARN_CONSTANT_CONVERSION = YES;
				CLANG_WARN_DEPRECATED_OBJC_IMPLEMENTATIONS = YES;
				CLANG_WARN_DIRECT_OBJC_ISA_USAGE = YES_ERROR;
				CLANG_WARN_DOCUMENTATION_COMMENTS = YES;
				CLANG_WARN_EMPTY_BODY = YES;
				CLANG_WARN_ENUM_CONVERSION = YES;
				CLANG_WARN_INFINITE_RECURSION = YES;
				CLANG_WARN_INT_CONVERSION = YES;
				CLANG_WARN_NON_LITERAL_NULL_CONVERSION = YES;
				CLANG_WARN_OBJC_IMPLICIT_RETAIN_SELF = YES;
				CLANG_WARN_OBJC_LITERAL_CONVERSION = YES;
				CLANG_WARN_OBJC_ROOT_CLASS = YES_ERROR;
				CLANG_WARN_QUOTED_INCLUDE_IN_FRAMEWORK_HEADER = YES;
				CLANG_WARN_RANGE_LOOP_ANALYSIS = YES;
				CLANG_WARN_STRICT_PROTOTYPES = YES;
				CLANG_WARN_SUSPICIOUS_MOVE = YES;
				CLANG_WARN_UNGUARDED_AVAILABILITY = YES_AGGRESSIVE;
				CLANG_WARN_UNREACHABLE_CODE = YES;
				CLANG_WARN__DUPLICATE_METHOD_MATCH = YES;
				COPY_PHASE_STRIP = NO;
				DEBUG_INFORMATION_FORMAT = dwarf;
				ENABLE_STRICT_OBJC_MSGSEND = YES;
				ENABLE_TESTABILITY = YES;
				GCC_C_LANGUAGE_STANDARD = gnu11;
				GCC_DYNAMIC_NO_PIC = NO;
				GCC_NO_COMMON_BLOCKS = YES;
				GCC_OPTIMIZATION_LEVEL = 0;
				GCC_PREPROCESSOR_DEFINITIONS = (
					"DEBUG=1",
					"$(inherited)",
				);
				GCC_WARN_64_TO_32_BIT_CONVERSION = YES;
				GCC_WARN_ABOUT_RETURN_TYPE = YES_ERROR;
				GCC_WARN_UNDECLARED_SELECTOR = YES;
				GCC_WARN_UNINITIALIZED_AUTOS = YES_AGGRESSIVE;
				GCC_WARN_UNUSED_FUNCTION = YES;
				GCC_WARN_UNUSED_VARIABLE = YES;
				IPHONEOS_DEPLOYMENT_TARGET = 15.5;
				MTL_ENABLE_DEBUG_INFO = INCLUDE_SOURCE;
				MTL_FAST_MATH = YES;
				ONLY_ACTIVE_ARCH = YES;
				SDKROOT = iphoneos;
			};
			name = Debug;
		};
		26C6561C296FF3B6005C4581 /* Release */ = {
			isa = XCBuildConfiguration;
			buildSettings = {
				ALWAYS_SEARCH_USER_PATHS = NO;
				CLANG_ANALYZER_NONNULL = YES;
				CLANG_ANALYZER_NUMBER_OBJECT_CONVERSION = YES_AGGRESSIVE;
				CLANG_CXX_LANGUAGE_STANDARD = "gnu++17";
				CLANG_ENABLE_MODULES = YES;
				CLANG_ENABLE_OBJC_ARC = YES;
				CLANG_ENABLE_OBJC_WEAK = YES;
				CLANG_WARN_BLOCK_CAPTURE_AUTORELEASING = YES;
				CLANG_WARN_BOOL_CONVERSION = YES;
				CLANG_WARN_COMMA = YES;
				CLANG_WARN_CONSTANT_CONVERSION = YES;
				CLANG_WARN_DEPRECATED_OBJC_IMPLEMENTATIONS = YES;
				CLANG_WARN_DIRECT_OBJC_ISA_USAGE = YES_ERROR;
				CLANG_WARN_DOCUMENTATION_COMMENTS = YES;
				CLANG_WARN_EMPTY_BODY = YES;
				CLANG_WARN_ENUM_CONVERSION = YES;
				CLANG_WARN_INFINITE_RECURSION = YES;
				CLANG_WARN_INT_CONVERSION = YES;
				CLANG_WARN_NON_LITERAL_NULL_CONVERSION = YES;
				CLANG_WARN_OBJC_IMPLICIT_RETAIN_SELF = YES;
				CLANG_WARN_OBJC_LITERAL_CONVERSION = YES;
				CLANG_WARN_OBJC_ROOT_CLASS = YES_ERROR;
				CLANG_WARN_QUOTED_INCLUDE_IN_FRAMEWORK_HEADER = YES;
				CLANG_WARN_RANGE_LOOP_ANALYSIS = YES;
				CLANG_WARN_STRICT_PROTOTYPES = YES;
				CLANG_WARN_SUSPICIOUS_MOVE = YES;
				CLANG_WARN_UNGUARDED_AVAILABILITY = YES_AGGRESSIVE;
				CLANG_WARN_UNREACHABLE_CODE = YES;
				CLANG_WARN__DUPLICATE_METHOD_MATCH = YES;
				COPY_PHASE_STRIP = NO;
				DEBUG_INFORMATION_FORMAT = "dwarf-with-dsym";
				ENABLE_NS_ASSERTIONS = NO;
				ENABLE_STRICT_OBJC_MSGSEND = YES;
				GCC_C_LANGUAGE_STANDARD = gnu11;
				GCC_NO_COMMON_BLOCKS = YES;
				GCC_WARN_64_TO_32_BIT_CONVERSION = YES;
				GCC_WARN_ABOUT_RETURN_TYPE = YES_ERROR;
				GCC_WARN_UNDECLARED_SELECTOR = YES;
				GCC_WARN_UNINITIALIZED_AUTOS = YES_AGGRESSIVE;
				GCC_WARN_UNUSED_FUNCTION = YES;
				GCC_WARN_UNUSED_VARIABLE = YES;
				IPHONEOS_DEPLOYMENT_TARGET = 15.5;
				MTL_ENABLE_DEBUG_INFO = NO;
				MTL_FAST_MATH = YES;
				SDKROOT = iphoneos;
				VALIDATE_PRODUCT = YES;
			};
			name = Release;
		};
		26C6561E296FF3B6005C4581 /* Debug */ = {
			isa = XCBuildConfiguration;
			buildSettings = {
				ASSETCATALOG_COMPILER_APPICON_NAME = AppIcon;
				ASSETCATALOG_COMPILER_GLOBAL_ACCENT_COLOR_NAME = AccentColor;
				CODE_SIGN_STYLE = Automatic;
				CURRENT_PROJECT_VERSION = 1;
				GENERATE_INFOPLIST_FILE = YES;
				INFOPLIST_FILE = PPDemo/Info.plist;
				INFOPLIST_KEY_UIApplicationSupportsIndirectInputEvents = YES;
				INFOPLIST_KEY_UILaunchStoryboardName = LaunchScreen;
				INFOPLIST_KEY_UIMainStoryboardFile = Main;
				INFOPLIST_KEY_UISupportedInterfaceOrientations_iPad = "UIInterfaceOrientationPortrait UIInterfaceOrientationPortraitUpsideDown UIInterfaceOrientationLandscapeLeft UIInterfaceOrientationLandscapeRight";
				INFOPLIST_KEY_UISupportedInterfaceOrientations_iPhone = "UIInterfaceOrientationPortrait UIInterfaceOrientationLandscapeLeft UIInterfaceOrientationLandscapeRight";
				LD_RUNPATH_SEARCH_PATHS = (
					"$(inherited)",
					"@executable_path/Frameworks",
				);
				MARKETING_VERSION = 1.0;
				PRODUCT_BUNDLE_IDENTIFIER = zyp.PPDemo;
				PRODUCT_NAME = "$(TARGET_NAME)";
				SWIFT_EMIT_LOC_STRINGS = YES;
				TARGETED_DEVICE_FAMILY = "1,2";
			};
			name = Debug;
		};
		26C6561F296FF3B6005C4581 /* Release */ = {
			isa = XCBuildConfiguration;
			buildSettings = {
				ASSETCATALOG_COMPILER_APPICON_NAME = AppIcon;
				ASSETCATALOG_COMPILER_GLOBAL_ACCENT_COLOR_NAME = AccentColor;
				CODE_SIGN_STYLE = Automatic;
				CURRENT_PROJECT_VERSION = 1;
				GENERATE_INFOPLIST_FILE = YES;
				INFOPLIST_FILE = PPDemo/Info.plist;
				INFOPLIST_KEY_UIApplicationSupportsIndirectInputEvents = YES;
				INFOPLIST_KEY_UILaunchStoryboardName = LaunchScreen;
				INFOPLIST_KEY_UIMainStoryboardFile = Main;
				INFOPLIST_KEY_UISupportedInterfaceOrientations_iPad = "UIInterfaceOrientationPortrait UIInterfaceOrientationPortraitUpsideDown UIInterfaceOrientationLandscapeLeft UIInterfaceOrientationLandscapeRight";
				INFOPLIST_KEY_UISupportedInterfaceOrientations_iPhone = "UIInterfaceOrientationPortrait UIInterfaceOrientationLandscapeLeft UIInterfaceOrientationLandscapeRight";
				LD_RUNPATH_SEARCH_PATHS = (
					"$(inherited)",
					"@executable_path/Frameworks",
				);
				MARKETING_VERSION = 1.0;
				PRODUCT_BUNDLE_IDENTIFIER = zyp.PPDemo;
				PRODUCT_NAME = "$(TARGET_NAME)";
				SWIFT_EMIT_LOC_STRINGS = YES;
				TARGETED_DEVICE_FAMILY = "1,2";
			};
			name = Release;
		};
		26C65621296FF3B6005C4581 /* Debug */ = {
			isa = XCBuildConfiguration;
			buildSettings = {
				BUNDLE_LOADER = "$(TEST_HOST)";
				CODE_SIGN_STYLE = Automatic;
				CURRENT_PROJECT_VERSION = 1;
				GENERATE_INFOPLIST_FILE = YES;
				IPHONEOS_DEPLOYMENT_TARGET = 15.5;
				MARKETING_VERSION = 1.0;
				PRODUCT_BUNDLE_IDENTIFIER = zyp.PPDemoTests;
				PRODUCT_NAME = "$(TARGET_NAME)";
				SWIFT_EMIT_LOC_STRINGS = NO;
				TARGETED_DEVICE_FAMILY = "1,2";
				TEST_HOST = "$(BUILT_PRODUCTS_DIR)/PPDemo.app/PPDemo";
			};
			name = Debug;
		};
		26C65622296FF3B6005C4581 /* Release */ = {
			isa = XCBuildConfiguration;
			buildSettings = {
				BUNDLE_LOADER = "$(TEST_HOST)";
				CODE_SIGN_STYLE = Automatic;
				CURRENT_PROJECT_VERSION = 1;
				GENERATE_INFOPLIST_FILE = YES;
				IPHONEOS_DEPLOYMENT_TARGET = 15.5;
				MARKETING_VERSION = 1.0;
				PRODUCT_BUNDLE_IDENTIFIER = zyp.PPDemoTests;
				PRODUCT_NAME = "$(TARGET_NAME)";
				SWIFT_EMIT_LOC_STRINGS = NO;
				TARGETED_DEVICE_FAMILY = "1,2";
				TEST_HOST = "$(BUILT_PRODUCTS_DIR)/PPDemo.app/PPDemo";
			};
			name = Release;
		};
		26C65624296FF3B6005C4581 /* Debug */ = {
			isa = XCBuildConfiguration;
			buildSettings = {
				CODE_SIGN_STYLE = Automatic;
				CURRENT_PROJECT_VERSION = 1;
				GENERATE_INFOPLIST_FILE = YES;
				MARKETING_VERSION = 1.0;
				PRODUCT_BUNDLE_IDENTIFIER = zyp.PPDemoUITests;
				PRODUCT_NAME = "$(TARGET_NAME)";
				SWIFT_EMIT_LOC_STRINGS = NO;
				TARGETED_DEVICE_FAMILY = "1,2";
				TEST_TARGET_NAME = PPDemo;
			};
			name = Debug;
		};
		26C65625296FF3B6005C4581 /* Release */ = {
			isa = XCBuildConfiguration;
			buildSettings = {
				CODE_SIGN_STYLE = Automatic;
				CURRENT_PROJECT_VERSION = 1;
				GENERATE_INFOPLIST_FILE = YES;
				MARKETING_VERSION = 1.0;
				PRODUCT_BUNDLE_IDENTIFIER = zyp.PPDemoUITests;
				PRODUCT_NAME = "$(TARGET_NAME)";
				SWIFT_EMIT_LOC_STRINGS = NO;
				TARGETED_DEVICE_FAMILY = "1,2";
				TEST_TARGET_NAME = PPDemo;
			};
			name = Release;
		};
/* End XCBuildConfiguration section */

/* Begin XCConfigurationList section */
		26C655E9296FF3B5005C4581 /* Build configuration list for PBXProject "PPDemo" */ = {
			isa = XCConfigurationList;
			buildConfigurations = (
				26C6561B296FF3B6005C4581 /* Debug */,
				26C6561C296FF3B6005C4581 /* Release */,
			);
			defaultConfigurationIsVisible = 0;
			defaultConfigurationName = Release;
		};
		26C6561D296FF3B6005C4581 /* Build configuration list for PBXNativeTarget "PPDemo" */ = {
			isa = XCConfigurationList;
			buildConfigurations = (
				26C6561E296FF3B6005C4581 /* Debug */,
				26C6561F296FF3B6005C4581 /* Release */,
			);
			defaultConfigurationIsVisible = 0;
			defaultConfigurationName = Release;
		};
		26C65620296FF3B6005C4581 /* Build configuration list for PBXNativeTarget "PPDemoTests" */ = {
			isa = XCConfigurationList;
			buildConfigurations = (
				26C65621296FF3B6005C4581 /* Debug */,
				26C65622296FF3B6005C4581 /* Release */,
			);
			defaultConfigurationIsVisible = 0;
			defaultConfigurationName = Release;
		};
		26C65623296FF3B6005C4581 /* Build configuration list for PBXNativeTarget "PPDemoUITests" */ = {
			isa = XCConfigurationList;
			buildConfigurations = (
				26C65624296FF3B6005C4581 /* Debug */,
				26C65625296FF3B6005C4581 /* Release */,
			);
			defaultConfigurationIsVisible = 0;
			defaultConfigurationName = Release;
		};
/* End XCConfigurationList section */
	};
	rootObject = 26C655E6296FF3B5005C4581 /* Project object */;
}
